
Microsoft Visual Studio Solution File, Format Version 12.00
# Visual Studio Version 17
VisualStudioVersion = 17.2.32408.312
MinimumVisualStudioVersion = 10.0.40219.1
Project("{9A19103F-16F7-4668-BE54-9A1E7A4F7556}") = "DemaWare.DemaIdentify.Web", "DemaWare.DemaIdentify.Web\DemaWare.DemaIdentify.Web.csproj", "{2FA00903-3272-4863-8B3D-44A60056339C}"
EndProject
Project("{2150E333-8FDC-42A3-9474-1A3956D46DE8}") = "Solution Items", "Solution Items", "{91D2B0CA-CE77-4EEC-89E2-433A29C5364B}"
	ProjectSection(SolutionItems) = preProject
		LICENSE = LICENSE
		README.md = README.md
	EndProjectSection
EndProject
Project("{9A19103F-16F7-4668-BE54-9A1E7A4F7556}") = "DemaWare.DemaIdentify.Models", "DemaWare.DemaIdentify.Models\DemaWare.DemaIdentify.Models.csproj", "{C7DDDABC-BB18-4EEA-BC1F-C43BF7A53002}"
EndProject
Project("{9A19103F-16F7-4668-BE54-9A1E7A4F7556}") = "DemaWare.DemaIdentify.BusinessLogic", "DemaWare.DemaIdentify.BusinessLogic\DemaWare.DemaIdentify.BusinessLogic.csproj", "{68DEF4AF-98DD-4BC3-9409-714DCCA35518}"
EndProject
Global
	GlobalSection(SolutionConfigurationPlatforms) = preSolution
		Debug|Any CPU = Debug|Any CPU
		Release|Any CPU = Release|Any CPU
	EndGlobalSection
	GlobalSection(ProjectConfigurationPlatforms) = postSolution
		{2FA00903-3272-4863-8B3D-44A60056339C}.Debug|Any CPU.ActiveCfg = Debug|Any CPU
		{2FA00903-3272-4863-8B3D-44A60056339C}.Debug|Any CPU.Build.0 = Debug|Any CPU
		{2FA00903-3272-4863-8B3D-44A60056339C}.Release|Any CPU.ActiveCfg = Release|Any CPU
		{2FA00903-3272-4863-8B3D-44A60056339C}.Release|Any CPU.Build.0 = Release|Any CPU
		{C7DDDABC-BB18-4EEA-BC1F-C43BF7A53002}.Debug|Any CPU.ActiveCfg = Debug|Any CPU
		{C7DDDABC-BB18-4EEA-BC1F-C43BF7A53002}.Debug|Any CPU.Build.0 = Debug|Any CPU
		{C7DDDABC-BB18-4EEA-BC1F-C43BF7A53002}.Release|Any CPU.ActiveCfg = Release|Any CPU
		{C7DDDABC-BB18-4EEA-BC1F-C43BF7A53002}.Release|Any CPU.Build.0 = Release|Any CPU
		{68DEF4AF-98DD-4BC3-9409-714DCCA35518}.Debug|Any CPU.ActiveCfg = Debug|Any CPU
		{68DEF4AF-98DD-4BC3-9409-714DCCA35518}.Debug|Any CPU.Build.0 = Debug|Any CPU
		{68DEF4AF-98DD-4BC3-9409-714DCCA35518}.Release|Any CPU.ActiveCfg = Release|Any CPU
		{68DEF4AF-98DD-4BC3-9409-714DCCA35518}.Release|Any CPU.Build.0 = Release|Any CPU
	EndGlobalSection
	GlobalSection(SolutionProperties) = preSolution
		HideSolutionNode = FALSE
	EndGlobalSection
	GlobalSection(ExtensibilityGlobals) = postSolution
		SolutionGuid = {ADA525EF-7F0A-4BC1-976C-27A8C211DEAA}
	EndGlobalSection
EndGlobal
